
Microsoft Visual Studio Solution File, Format Version 12.00
# Visual Studio Version 17
VisualStudioVersion = 17.4.33205.214
MinimumVisualStudioVersion = 10.0.40219.1
Project("{FAE04EC0-301F-11D3-BF4B-00C04F79EFBC}") = "TestQA", "TestQA.csproj", "{A5D5013A-487D-47A6-BA99-4CC8628AA063}"
EndProject
Global
	GlobalSection(SolutionConfigurationPlatforms) = preSolution
		Debug|Any CPU = Debug|Any CPU
		Release|Any CPU = Release|Any CPU
	EndGlobalSection
	GlobalSection(ProjectConfigurationPlatforms) = postSolution
		{A5D5013A-487D-47A6-BA99-4CC8628AA063}.Debug|Any CPU.ActiveCfg = Debug|Any CPU
		{A5D5013A-487D-47A6-BA99-4CC8628AA063}.Debug|Any CPU.Build.0 = Debug|Any CPU
		{A5D5013A-487D-47A6-BA99-4CC8628AA063}.Release|Any CPU.ActiveCfg = Release|Any CPU
		{A5D5013A-487D-47A6-BA99-4CC8628AA063}.Release|Any CPU.Build.0 = Release|Any CPU
	EndGlobalSection
	GlobalSection(SolutionProperties) = preSolution
		HideSolutionNode = FALSE
	EndGlobalSection
	GlobalSection(ExtensibilityGlobals) = postSolution
		SolutionGuid = {4E92C047-41BF-4113-8DA3-17890EACACD3}
	EndGlobalSection
EndGlobal
